
Microsoft Visual Studio Solution File, Format Version 12.00
Project("{FAE04EC0-301F-11D3-BF4B-00C04F79EFBC}") = "Forms_Lab1", "Forms_Lab1\Forms_Lab1.csproj", "{0A6A7A9B-8580-4D75-9563-FEB362AD07A5}"
EndProject
Global
	GlobalSection(SolutionConfigurationPlatforms) = preSolution
		Debug|Any CPU = Debug|Any CPU
		Release|Any CPU = Release|Any CPU
	EndGlobalSection
	GlobalSection(ProjectConfigurationPlatforms) = postSolution
		{0A6A7A9B-8580-4D75-9563-FEB362AD07A5}.Debug|Any CPU.ActiveCfg = Debug|Any CPU
		{0A6A7A9B-8580-4D75-9563-FEB362AD07A5}.Debug|Any CPU.Build.0 = Debug|Any CPU
		{0A6A7A9B-8580-4D75-9563-FEB362AD07A5}.Release|Any CPU.ActiveCfg = Release|Any CPU
		{0A6A7A9B-8580-4D75-9563-FEB362AD07A5}.Release|Any CPU.Build.0 = Release|Any CPU
	EndGlobalSection
EndGlobal
